
Microsoft Visual Studio Solution File, Format Version 12.00
# Visual Studio Version 17
VisualStudioVersion = 17.2.32602.215
MinimumVisualStudioVersion = 10.0.40219.1
Project("{FAE04EC0-301F-11D3-BF4B-00C04F79EFBC}") = "GamzeArici", "GamzeArici\GamzeArici.csproj", "{62871C5A-B542-4116-9D89-2F442683809B}"
EndProject
Global
	GlobalSection(SolutionConfigurationPlatforms) = preSolution
		Debug|Any CPU = Debug|Any CPU
		Release|Any CPU = Release|Any CPU
	EndGlobalSection
	GlobalSection(ProjectConfigurationPlatforms) = postSolution
		{62871C5A-B542-4116-9D89-2F442683809B}.Debug|Any CPU.ActiveCfg = Debug|Any CPU
		{62871C5A-B542-4116-9D89-2F442683809B}.Debug|Any CPU.Build.0 = Debug|Any CPU
		{62871C5A-B542-4116-9D89-2F442683809B}.Release|Any CPU.ActiveCfg = Release|Any CPU
		{62871C5A-B542-4116-9D89-2F442683809B}.Release|Any CPU.Build.0 = Release|Any CPU
	EndGlobalSection
	GlobalSection(SolutionProperties) = preSolution
		HideSolutionNode = FALSE
	EndGlobalSection
	GlobalSection(ExtensibilityGlobals) = postSolution
		SolutionGuid = {09F66A45-96B8-417F-BE8F-3B26C8C5F217}
	EndGlobalSection
EndGlobal
